
Microsoft Visual Studio Solution File, Format Version 12.00
# Visual Studio Version 16
VisualStudioVersion = 16.0.30523.141
MinimumVisualStudioVersion = 10.0.40219.1
Project("{FAE04EC0-301F-11D3-BF4B-00C04F79EFBC}") = "EncryptorAndDecrptor", "EncryptorAndDecrptor\EncryptorAndDecrptor.csproj", "{04546456-1049-4BC9-9A89-20AA3150D916}"
EndProject
Global
	GlobalSection(SolutionConfigurationPlatforms) = preSolution
		Debug|Any CPU = Debug|Any CPU
		Release|Any CPU = Release|Any CPU
	EndGlobalSection
	GlobalSection(ProjectConfigurationPlatforms) = postSolution
		{04546456-1049-4BC9-9A89-20AA3150D916}.Debug|Any CPU.ActiveCfg = Debug|Any CPU
		{04546456-1049-4BC9-9A89-20AA3150D916}.Debug|Any CPU.Build.0 = Debug|Any CPU
		{04546456-1049-4BC9-9A89-20AA3150D916}.Release|Any CPU.ActiveCfg = Release|Any CPU
		{04546456-1049-4BC9-9A89-20AA3150D916}.Release|Any CPU.Build.0 = Release|Any CPU
	EndGlobalSection
	GlobalSection(SolutionProperties) = preSolution
		HideSolutionNode = FALSE
	EndGlobalSection
	GlobalSection(ExtensibilityGlobals) = postSolution
		SolutionGuid = {EABC60D2-36EB-413A-AF9D-5EC1610F342F}
	EndGlobalSection
EndGlobal
